
Microsoft Visual Studio Solution File, Format Version 12.00
# Visual Studio Version 17
VisualStudioVersion = 17.2.32526.322
MinimumVisualStudioVersion = 10.0.40219.1
Project("{FAE04EC0-301F-11D3-BF4B-00C04F79EFBC}") = "CrazyThursday.VMe50", "CrazyThursday.VMe50\CrazyThursday.VMe50\CrazyThursday.VMe50.csproj", "{624AAF14-E641-4ACD-BBD5-A21C89D6DD71}"
EndProject
Project("{FAE04EC0-301F-11D3-BF4B-00C04F79EFBC}") = "CrazyThursday.VMe50.CodeFixes", "CrazyThursday.VMe50\CrazyThursday.VMe50.CodeFixes\CrazyThursday.VMe50.CodeFixes.csproj", "{ABB4B109-41E6-4204-B2A1-21E048015054}"
EndProject
Project("{FAE04EC0-301F-11D3-BF4B-00C04F79EFBC}") = "CrazyThursday.VMe50.Package", "CrazyThursday.VMe50\CrazyThursday.VMe50.Package\CrazyThursday.VMe50.Package.csproj", "{778EAEC0-9CD5-462C-A289-151D1F498A43}"
EndProject
Project("{FAE04EC0-301F-11D3-BF4B-00C04F79EFBC}") = "CrazyThursday.VMe50.Test", "CrazyThursday.VMe50\CrazyThursday.VMe50.Test\CrazyThursday.VMe50.Test.csproj", "{08915CDB-2DA0-497E-8DED-D8FA32515E79}"
EndProject
Project("{FAE04EC0-301F-11D3-BF4B-00C04F79EFBC}") = "CrazyThursday.VMe50.Vsix", "CrazyThursday.VMe50\CrazyThursday.VMe50.Vsix\CrazyThursday.VMe50.Vsix.csproj", "{0FB676CB-2C03-4CC7-906E-9F2C69DF7849}"
EndProject
Global
	GlobalSection(SolutionConfigurationPlatforms) = preSolution
		Debug|Any CPU = Debug|Any CPU
		Release|Any CPU = Release|Any CPU
	EndGlobalSection
	GlobalSection(ProjectConfigurationPlatforms) = postSolution
		{624AAF14-E641-4ACD-BBD5-A21C89D6DD71}.Debug|Any CPU.ActiveCfg = Debug|Any CPU
		{624AAF14-E641-4ACD-BBD5-A21C89D6DD71}.Debug|Any CPU.Build.0 = Debug|Any CPU
		{624AAF14-E641-4ACD-BBD5-A21C89D6DD71}.Release|Any CPU.ActiveCfg = Release|Any CPU
		{624AAF14-E641-4ACD-BBD5-A21C89D6DD71}.Release|Any CPU.Build.0 = Release|Any CPU
		{ABB4B109-41E6-4204-B2A1-21E048015054}.Debug|Any CPU.ActiveCfg = Debug|Any CPU
		{ABB4B109-41E6-4204-B2A1-21E048015054}.Debug|Any CPU.Build.0 = Debug|Any CPU
		{ABB4B109-41E6-4204-B2A1-21E048015054}.Release|Any CPU.ActiveCfg = Release|Any CPU
		{ABB4B109-41E6-4204-B2A1-21E048015054}.Release|Any CPU.Build.0 = Release|Any CPU
		{778EAEC0-9CD5-462C-A289-151D1F498A43}.Debug|Any CPU.ActiveCfg = Debug|Any CPU
		{778EAEC0-9CD5-462C-A289-151D1F498A43}.Debug|Any CPU.Build.0 = Debug|Any CPU
		{778EAEC0-9CD5-462C-A289-151D1F498A43}.Release|Any CPU.ActiveCfg = Release|Any CPU
		{778EAEC0-9CD5-462C-A289-151D1F498A43}.Release|Any CPU.Build.0 = Release|Any CPU
		{08915CDB-2DA0-497E-8DED-D8FA32515E79}.Debug|Any CPU.ActiveCfg = Debug|Any CPU
		{08915CDB-2DA0-497E-8DED-D8FA32515E79}.Debug|Any CPU.Build.0 = Debug|Any CPU
		{08915CDB-2DA0-497E-8DED-D8FA32515E79}.Release|Any CPU.ActiveCfg = Release|Any CPU
		{08915CDB-2DA0-497E-8DED-D8FA32515E79}.Release|Any CPU.Build.0 = Release|Any CPU
		{0FB676CB-2C03-4CC7-906E-9F2C69DF7849}.Debug|Any CPU.ActiveCfg = Debug|Any CPU
		{0FB676CB-2C03-4CC7-906E-9F2C69DF7849}.Debug|Any CPU.Build.0 = Debug|Any CPU
		{0FB676CB-2C03-4CC7-906E-9F2C69DF7849}.Release|Any CPU.ActiveCfg = Release|Any CPU
		{0FB676CB-2C03-4CC7-906E-9F2C69DF7849}.Release|Any CPU.Build.0 = Release|Any CPU
	EndGlobalSection
	GlobalSection(SolutionProperties) = preSolution
		HideSolutionNode = FALSE
	EndGlobalSection
	GlobalSection(ExtensibilityGlobals) = postSolution
		SolutionGuid = {D613C930-9F9D-44CF-A1D1-DA751D27B6E1}
	EndGlobalSection
EndGlobal
